
Microsoft Visual Studio Solution File, Format Version 12.00
# Visual Studio Version 17
VisualStudioVersion = 17.7.34031.279
MinimumVisualStudioVersion = 10.0.40219.1
Project("{FAE04EC0-301F-11D3-BF4B-00C04F79EFBC}") = "dolgozat 12 05", "dolgozat 12 05\dolgozat 12 05.csproj", "{B4BD5B22-51B4-40B8-B1AB-5F3428B81B34}"
EndProject
Global
	GlobalSection(SolutionConfigurationPlatforms) = preSolution
		Debug|Any CPU = Debug|Any CPU
		Release|Any CPU = Release|Any CPU
	EndGlobalSection
	GlobalSection(ProjectConfigurationPlatforms) = postSolution
		{B4BD5B22-51B4-40B8-B1AB-5F3428B81B34}.Debug|Any CPU.ActiveCfg = Debug|Any CPU
		{B4BD5B22-51B4-40B8-B1AB-5F3428B81B34}.Debug|Any CPU.Build.0 = Debug|Any CPU
		{B4BD5B22-51B4-40B8-B1AB-5F3428B81B34}.Release|Any CPU.ActiveCfg = Release|Any CPU
		{B4BD5B22-51B4-40B8-B1AB-5F3428B81B34}.Release|Any CPU.Build.0 = Release|Any CPU
	EndGlobalSection
	GlobalSection(SolutionProperties) = preSolution
		HideSolutionNode = FALSE
	EndGlobalSection
	GlobalSection(ExtensibilityGlobals) = postSolution
		SolutionGuid = {F255B4B7-2E9E-46B2-98D0-EEC6B0542813}
	EndGlobalSection
EndGlobal
