
Microsoft Visual Studio Solution File, Format Version 12.00
# Visual Studio Version 17
VisualStudioVersion = 17.7.34031.279
MinimumVisualStudioVersion = 10.0.40219.1
Project("{FAE04EC0-301F-11D3-BF4B-00C04F79EFBC}") = "gyakszi 09 15", "gyakszi 09 15\gyakszi 09 15.csproj", "{6BE84851-45F8-4801-8123-69D63B469583}"
EndProject
Global
	GlobalSection(SolutionConfigurationPlatforms) = preSolution
		Debug|Any CPU = Debug|Any CPU
		Release|Any CPU = Release|Any CPU
	EndGlobalSection
	GlobalSection(ProjectConfigurationPlatforms) = postSolution
		{6BE84851-45F8-4801-8123-69D63B469583}.Debug|Any CPU.ActiveCfg = Debug|Any CPU
		{6BE84851-45F8-4801-8123-69D63B469583}.Debug|Any CPU.Build.0 = Debug|Any CPU
		{6BE84851-45F8-4801-8123-69D63B469583}.Release|Any CPU.ActiveCfg = Release|Any CPU
		{6BE84851-45F8-4801-8123-69D63B469583}.Release|Any CPU.Build.0 = Release|Any CPU
	EndGlobalSection
	GlobalSection(SolutionProperties) = preSolution
		HideSolutionNode = FALSE
	EndGlobalSection
	GlobalSection(ExtensibilityGlobals) = postSolution
		SolutionGuid = {263D0AED-EE48-450B-AA17-D55796E1AE86}
	EndGlobalSection
EndGlobal
