
Microsoft Visual Studio Solution File, Format Version 12.00
# Visual Studio Version 17
VisualStudioVersion = 17.7.34031.279
MinimumVisualStudioVersion = 10.0.40219.1
Project("{FAE04EC0-301F-11D3-BF4B-00C04F79EFBC}") = "random", "random\random.csproj", "{6DCBD77C-2357-431D-97B4-0147622F820D}"
EndProject
Global
	GlobalSection(SolutionConfigurationPlatforms) = preSolution
		Debug|Any CPU = Debug|Any CPU
		Release|Any CPU = Release|Any CPU
	EndGlobalSection
	GlobalSection(ProjectConfigurationPlatforms) = postSolution
		{6DCBD77C-2357-431D-97B4-0147622F820D}.Debug|Any CPU.ActiveCfg = Debug|Any CPU
		{6DCBD77C-2357-431D-97B4-0147622F820D}.Debug|Any CPU.Build.0 = Debug|Any CPU
		{6DCBD77C-2357-431D-97B4-0147622F820D}.Release|Any CPU.ActiveCfg = Release|Any CPU
		{6DCBD77C-2357-431D-97B4-0147622F820D}.Release|Any CPU.Build.0 = Release|Any CPU
	EndGlobalSection
	GlobalSection(SolutionProperties) = preSolution
		HideSolutionNode = FALSE
	EndGlobalSection
	GlobalSection(ExtensibilityGlobals) = postSolution
		SolutionGuid = {757973D0-3795-45C8-8D41-961A8EA1F41B}
	EndGlobalSection
EndGlobal
