
Microsoft Visual Studio Solution File, Format Version 12.00
# Visual Studio Version 17
VisualStudioVersion = 17.7.34031.279
MinimumVisualStudioVersion = 10.0.40219.1
Project("{FAE04EC0-301F-11D3-BF4B-00C04F79EFBC}") = "gyakorlas tömb 10.11", "gyakorlas tömb 10.11\gyakorlas tömb 10.11.csproj", "{13CBE84D-30C6-4C38-B40D-24D7C0E803A3}"
EndProject
Global
	GlobalSection(SolutionConfigurationPlatforms) = preSolution
		Debug|Any CPU = Debug|Any CPU
		Release|Any CPU = Release|Any CPU
	EndGlobalSection
	GlobalSection(ProjectConfigurationPlatforms) = postSolution
		{13CBE84D-30C6-4C38-B40D-24D7C0E803A3}.Debug|Any CPU.ActiveCfg = Debug|Any CPU
		{13CBE84D-30C6-4C38-B40D-24D7C0E803A3}.Debug|Any CPU.Build.0 = Debug|Any CPU
		{13CBE84D-30C6-4C38-B40D-24D7C0E803A3}.Release|Any CPU.ActiveCfg = Release|Any CPU
		{13CBE84D-30C6-4C38-B40D-24D7C0E803A3}.Release|Any CPU.Build.0 = Release|Any CPU
	EndGlobalSection
	GlobalSection(SolutionProperties) = preSolution
		HideSolutionNode = FALSE
	EndGlobalSection
	GlobalSection(ExtensibilityGlobals) = postSolution
		SolutionGuid = {A3244856-16F5-40F7-9DF6-F74DAB371BA2}
	EndGlobalSection
EndGlobal
