
Microsoft Visual Studio Solution File, Format Version 12.00
# Visual Studio Version 17
VisualStudioVersion = 17.7.34031.279
MinimumVisualStudioVersion = 10.0.40219.1
Project("{FAE04EC0-301F-11D3-BF4B-00C04F79EFBC}") = "Lista filekezelés doga", "Lista filekezelés doga\Lista filekezelés doga.csproj", "{C2D7091E-FB04-453C-81F1-189BE31C860E}"
EndProject
Global
	GlobalSection(SolutionConfigurationPlatforms) = preSolution
		Debug|Any CPU = Debug|Any CPU
		Release|Any CPU = Release|Any CPU
	EndGlobalSection
	GlobalSection(ProjectConfigurationPlatforms) = postSolution
		{C2D7091E-FB04-453C-81F1-189BE31C860E}.Debug|Any CPU.ActiveCfg = Debug|Any CPU
		{C2D7091E-FB04-453C-81F1-189BE31C860E}.Debug|Any CPU.Build.0 = Debug|Any CPU
		{C2D7091E-FB04-453C-81F1-189BE31C860E}.Release|Any CPU.ActiveCfg = Release|Any CPU
		{C2D7091E-FB04-453C-81F1-189BE31C860E}.Release|Any CPU.Build.0 = Release|Any CPU
	EndGlobalSection
	GlobalSection(SolutionProperties) = preSolution
		HideSolutionNode = FALSE
	EndGlobalSection
	GlobalSection(ExtensibilityGlobals) = postSolution
		SolutionGuid = {07E4D033-F7E3-4F6D-8CBD-57FD66790ECA}
	EndGlobalSection
EndGlobal
