
Microsoft Visual Studio Solution File, Format Version 12.00
# Visual Studio Version 17
VisualStudioVersion = 17.7.34031.279
MinimumVisualStudioVersion = 10.0.40219.1
Project("{FAE04EC0-301F-11D3-BF4B-00C04F79EFBC}") = "tömb4", "tömb4\tömb4.csproj", "{8C2D6F86-03D6-4C0A-93E4-68BD87A69EFB}"
EndProject
Global
	GlobalSection(SolutionConfigurationPlatforms) = preSolution
		Debug|Any CPU = Debug|Any CPU
		Release|Any CPU = Release|Any CPU
	EndGlobalSection
	GlobalSection(ProjectConfigurationPlatforms) = postSolution
		{8C2D6F86-03D6-4C0A-93E4-68BD87A69EFB}.Debug|Any CPU.ActiveCfg = Debug|Any CPU
		{8C2D6F86-03D6-4C0A-93E4-68BD87A69EFB}.Debug|Any CPU.Build.0 = Debug|Any CPU
		{8C2D6F86-03D6-4C0A-93E4-68BD87A69EFB}.Release|Any CPU.ActiveCfg = Release|Any CPU
		{8C2D6F86-03D6-4C0A-93E4-68BD87A69EFB}.Release|Any CPU.Build.0 = Release|Any CPU
	EndGlobalSection
	GlobalSection(SolutionProperties) = preSolution
		HideSolutionNode = FALSE
	EndGlobalSection
	GlobalSection(ExtensibilityGlobals) = postSolution
		SolutionGuid = {621E9B6B-7138-43F8-BC6E-1DE4A81EF707}
	EndGlobalSection
EndGlobal
