
Microsoft Visual Studio Solution File, Format Version 12.00
# Visual Studio Version 17
VisualStudioVersion = 17.7.34031.279
MinimumVisualStudioVersion = 10.0.40219.1
Project("{FAE04EC0-301F-11D3-BF4B-00C04F79EFBC}") = "hazi 02 27", "hazi 02 27\hazi 02 27.csproj", "{4E05904B-D075-4024-B031-638F8138F279}"
EndProject
Global
	GlobalSection(SolutionConfigurationPlatforms) = preSolution
		Debug|Any CPU = Debug|Any CPU
		Release|Any CPU = Release|Any CPU
	EndGlobalSection
	GlobalSection(ProjectConfigurationPlatforms) = postSolution
		{4E05904B-D075-4024-B031-638F8138F279}.Debug|Any CPU.ActiveCfg = Debug|Any CPU
		{4E05904B-D075-4024-B031-638F8138F279}.Debug|Any CPU.Build.0 = Debug|Any CPU
		{4E05904B-D075-4024-B031-638F8138F279}.Release|Any CPU.ActiveCfg = Release|Any CPU
		{4E05904B-D075-4024-B031-638F8138F279}.Release|Any CPU.Build.0 = Release|Any CPU
	EndGlobalSection
	GlobalSection(SolutionProperties) = preSolution
		HideSolutionNode = FALSE
	EndGlobalSection
	GlobalSection(ExtensibilityGlobals) = postSolution
		SolutionGuid = {29A99476-39B8-4D84-9A47-E06C9B93E6E0}
	EndGlobalSection
EndGlobal
