
Microsoft Visual Studio Solution File, Format Version 12.00
# Visual Studio Version 17
VisualStudioVersion = 17.7.34031.279
MinimumVisualStudioVersion = 10.0.40219.1
Project("{FAE04EC0-301F-11D3-BF4B-00C04F79EFBC}") = "feladat 10.19", "feladat 10.19\feladat 10.19.csproj", "{2B210AA2-69ED-4FFC-BA0D-3CD223628602}"
EndProject
Global
	GlobalSection(SolutionConfigurationPlatforms) = preSolution
		Debug|Any CPU = Debug|Any CPU
		Release|Any CPU = Release|Any CPU
	EndGlobalSection
	GlobalSection(ProjectConfigurationPlatforms) = postSolution
		{2B210AA2-69ED-4FFC-BA0D-3CD223628602}.Debug|Any CPU.ActiveCfg = Debug|Any CPU
		{2B210AA2-69ED-4FFC-BA0D-3CD223628602}.Debug|Any CPU.Build.0 = Debug|Any CPU
		{2B210AA2-69ED-4FFC-BA0D-3CD223628602}.Release|Any CPU.ActiveCfg = Release|Any CPU
		{2B210AA2-69ED-4FFC-BA0D-3CD223628602}.Release|Any CPU.Build.0 = Release|Any CPU
	EndGlobalSection
	GlobalSection(SolutionProperties) = preSolution
		HideSolutionNode = FALSE
	EndGlobalSection
	GlobalSection(ExtensibilityGlobals) = postSolution
		SolutionGuid = {6C587609-5B65-4AC8-B6E3-C057B5E51EE3}
	EndGlobalSection
EndGlobal
